// !$*UTF8*$!
{
	archiveVersion = 1;
	classes = {
	};
	objectVersion = 50;
	objects = {

/* Begin PBXBuildFile section */
		682A013E24F899AC00D720D1 /* AppDelegate.m in Sources */ = {isa = PBXBuildFile; fileRef = 682A013D24F899AC00D720D1 /* AppDelegate.m */; };
		682A014A24F899AC00D720D1 /* Currency.xcdatamodeld in Sources */ = {isa = PBXBuildFile; fileRef = 682A014824F899AC00D720D1 /* Currency.xcdatamodeld */; };
		682A014C24F899AE00D720D1 /* Assets.xcassets in Resources */ = {isa = PBXBuildFile; fileRef = 682A014B24F899AE00D720D1 /* Assets.xcassets */; };
		682A014F24F899AE00D720D1 /* LaunchScreen.storyboard in Resources */ = {isa = PBXBuildFile; fileRef = 682A014D24F899AE00D720D1 /* LaunchScreen.storyboard */; };
		682A015224F899AE00D720D1 /* main.m in Sources */ = {isa = PBXBuildFile; fileRef = 682A015124F899AE00D720D1 /* main.m */; };
		682A015C24F899AE00D720D1 /* CurrencyTests.m in Sources */ = {isa = PBXBuildFile; fileRef = 682A015B24F899AE00D720D1 /* CurrencyTests.m */; };
		682A016724F899AE00D720D1 /* CurrencyUITests.m in Sources */ = {isa = PBXBuildFile; fileRef = 682A016624F899AE00D720D1 /* CurrencyUITests.m */; };
		682A017624F89A3B00D720D1 /* CurrencyCountriesTableViewController.m in Sources */ = {isa = PBXBuildFile; fileRef = 682A017524F89A3B00D720D1 /* CurrencyCountriesTableViewController.m */; };
		686D981024F8A259002B5470 /* CurrencyModel.m in Sources */ = {isa = PBXBuildFile; fileRef = 686D980F24F8A259002B5470 /* CurrencyModel.m */; };
		68F5479224F95ACA00C92A57 /* CurrencyTableViewCell.m in Sources */ = {isa = PBXBuildFile; fileRef = 68F5479024F95ACA00C92A57 /* CurrencyTableViewCell.m */; };
		68F5479324F95ACA00C92A57 /* CurrencyTableViewCell.xib in Resources */ = {isa = PBXBuildFile; fileRef = 68F5479124F95ACA00C92A57 /* CurrencyTableViewCell.xib */; };
/* End PBXBuildFile section */

/* Begin PBXContainerItemProxy section */
		682A015824F899AE00D720D1 /* PBXContainerItemProxy */ = {
			isa = PBXContainerItemProxy;
			containerPortal = 682A013124F899AC00D720D1 /* Project object */;
			proxyType = 1;
			remoteGlobalIDString = 682A013824F899AC00D720D1;
			remoteInfo = Currency;
		};
		682A016324F899AE00D720D1 /* PBXContainerItemProxy */ = {
			isa = PBXContainerItemProxy;
			containerPortal = 682A013124F899AC00D720D1 /* Project object */;
			proxyType = 1;
			remoteGlobalIDString = 682A013824F899AC00D720D1;
			remoteInfo = Currency;
		};
/* End PBXContainerItemProxy section */

/* Begin PBXFileReference section */
		682A013924F899AC00D720D1 /* Currency.app */ = {isa = PBXFileReference; explicitFileType = wrapper.application; includeInIndex = 0; path = Currency.app; sourceTree = BUILT_PRODUCTS_DIR; };
		682A013C24F899AC00D720D1 /* AppDelegate.h */ = {isa = PBXFileReference; lastKnownFileType = sourcecode.c.h; path = AppDelegate.h; sourceTree = "<group>"; };
		682A013D24F899AC00D720D1 /* AppDelegate.m */ = {isa = PBXFileReference; lastKnownFileType = sourcecode.c.objc; path = AppDelegate.m; sourceTree = "<group>"; };
		682A014924F899AC00D720D1 /* Currency.xcdatamodel */ = {isa = PBXFileReference; lastKnownFileType = wrapper.xcdatamodel; path = Currency.xcdatamodel; sourceTree = "<group>"; };
		682A014B24F899AE00D720D1 /* Assets.xcassets */ = {isa = PBXFileReference; lastKnownFileType = folder.assetcatalog; path = Assets.xcassets; sourceTree = "<group>"; };
		682A014E24F899AE00D720D1 /* Base */ = {isa = PBXFileReference; lastKnownFileType = file.storyboard; name = Base; path = Base.lproj/LaunchScreen.storyboard; sourceTree = "<group>"; };
		682A015024F899AE00D720D1 /* Info.plist */ = {isa = PBXFileReference; lastKnownFileType = text.plist.xml; path = Info.plist; sourceTree = "<group>"; };
		682A015124F899AE00D720D1 /* main.m */ = {isa = PBXFileReference; lastKnownFileType = sourcecode.c.objc; path = main.m; sourceTree = "<group>"; };
		682A015724F899AE00D720D1 /* CurrencyTests.xctest */ = {isa = PBXFileReference; explicitFileType = wrapper.cfbundle; includeInIndex = 0; path = CurrencyTests.xctest; sourceTree = BUILT_PRODUCTS_DIR; };
		682A015B24F899AE00D720D1 /* CurrencyTests.m */ = {isa = PBXFileReference; lastKnownFileType = sourcecode.c.objc; path = CurrencyTests.m; sourceTree = "<group>"; };
		682A015D24F899AE00D720D1 /* Info.plist */ = {isa = PBXFileReference; lastKnownFileType = text.plist.xml; path = Info.plist; sourceTree = "<group>"; };
		682A016224F899AE00D720D1 /* CurrencyUITests.xctest */ = {isa = PBXFileReference; explicitFileType = wrapper.cfbundle; includeInIndex = 0; path = CurrencyUITests.xctest; sourceTree = BUILT_PRODUCTS_DIR; };
		682A016624F899AE00D720D1 /* CurrencyUITests.m */ = {isa = PBXFileReference; lastKnownFileType = sourcecode.c.objc; path = CurrencyUITests.m; sourceTree = "<group>"; };
		682A016824F899AE00D720D1 /* Info.plist */ = {isa = PBXFileReference; lastKnownFileType = text.plist.xml; path = Info.plist; sourceTree = "<group>"; };
		682A017424F89A3B00D720D1 /* CurrencyCountriesTableViewController.h */ = {isa = PBXFileReference; lastKnownFileType = sourcecode.c.h; path = CurrencyCountriesTableViewController.h; sourceTree = "<group>"; };
		682A017524F89A3B00D720D1 /* CurrencyCountriesTableViewController.m */ = {isa = PBXFileReference; lastKnownFileType = sourcecode.c.objc; path = CurrencyCountriesTableViewController.m; sourceTree = "<group>"; };
		686D980E24F8A259002B5470 /* CurrencyModel.h */ = {isa = PBXFileReference; lastKnownFileType = sourcecode.c.h; path = CurrencyModel.h; sourceTree = "<group>"; };
		686D980F24F8A259002B5470 /* CurrencyModel.m */ = {isa = PBXFileReference; lastKnownFileType = sourcecode.c.objc; path = CurrencyModel.m; sourceTree = "<group>"; };
		68F5478F24F95ACA00C92A57 /* CurrencyTableViewCell.h */ = {isa = PBXFileReference; lastKnownFileType = sourcecode.c.h; path = CurrencyTableViewCell.h; sourceTree = "<group>"; };
		68F5479024F95ACA00C92A57 /* CurrencyTableViewCell.m */ = {isa = PBXFileReference; lastKnownFileType = sourcecode.c.objc; path = CurrencyTableViewCell.m; sourceTree = "<group>"; };
		68F5479124F95ACA00C92A57 /* CurrencyTableViewCell.xib */ = {isa = PBXFileReference; lastKnownFileType = file.xib; path = CurrencyTableViewCell.xib; sourceTree = "<group>"; };
/* End PBXFileReference section */

/* Begin PBXFrameworksBuildPhase section */
		682A013624F899AC00D720D1 /* Frameworks */ = {
			isa = PBXFrameworksBuildPhase;
			buildActionMask = 2147483647;
			files = (
			);
			runOnlyForDeploymentPostprocessing = 0;
		};
		682A015424F899AE00D720D1 /* Frameworks */ = {
			isa = PBXFrameworksBuildPhase;
			buildActionMask = 2147483647;
			files = (
			);
			runOnlyForDeploymentPostprocessing = 0;
		};
		682A015F24F899AE00D720D1 /* Frameworks */ = {
			isa = PBXFrameworksBuildPhase;
			buildActionMask = 2147483647;
			files = (
			);
			runOnlyForDeploymentPostprocessing = 0;
		};
/* End PBXFrameworksBuildPhase section */

/* Begin PBXGroup section */
		682A013024F899AC00D720D1 = {
			isa = PBXGroup;
			children = (
				682A013B24F899AC00D720D1 /* Currency */,
				682A015A24F899AE00D720D1 /* CurrencyTests */,
				682A016524F899AE00D720D1 /* CurrencyUITests */,
				682A013A24F899AC00D720D1 /* Products */,
			);
			sourceTree = "<group>";
		};
		682A013A24F899AC00D720D1 /* Products */ = {
			isa = PBXGroup;
			children = (
				682A013924F899AC00D720D1 /* Currency.app */,
				682A015724F899AE00D720D1 /* CurrencyTests.xctest */,
				682A016224F899AE00D720D1 /* CurrencyUITests.xctest */,
			);
			name = Products;
			sourceTree = "<group>";
		};
		682A013B24F899AC00D720D1 /* Currency */ = {
			isa = PBXGroup;
			children = (
				682A017824F89A6100D720D1 /* Model */,
				682A017924F89A6700D720D1 /* View */,
				682A017724F89A4A00D720D1 /* Controller */,
				682A014B24F899AE00D720D1 /* Assets.xcassets */,
				682A014D24F899AE00D720D1 /* LaunchScreen.storyboard */,
				682A015024F899AE00D720D1 /* Info.plist */,
				682A015124F899AE00D720D1 /* main.m */,
				682A014824F899AC00D720D1 /* Currency.xcdatamodeld */,
			);
			path = Currency;
			sourceTree = "<group>";
		};
		682A015A24F899AE00D720D1 /* CurrencyTests */ = {
			isa = PBXGroup;
			children = (
				682A015B24F899AE00D720D1 /* CurrencyTests.m */,
				682A015D24F899AE00D720D1 /* Info.plist */,
			);
			path = CurrencyTests;
			sourceTree = "<group>";
		};
		682A016524F899AE00D720D1 /* CurrencyUITests */ = {
			isa = PBXGroup;
			children = (
				682A016624F899AE00D720D1 /* CurrencyUITests.m */,
				682A016824F899AE00D720D1 /* Info.plist */,
			);
			path = CurrencyUITests;
			sourceTree = "<group>";
		};
		682A017724F89A4A00D720D1 /* Controller */ = {
			isa = PBXGroup;
			children = (
				682A017424F89A3B00D720D1 /* CurrencyCountriesTableViewController.h */,
				682A017524F89A3B00D720D1 /* CurrencyCountriesTableViewController.m */,
			);
			path = Controller;
			sourceTree = "<group>";
		};
		682A017824F89A6100D720D1 /* Model */ = {
			isa = PBXGroup;
			children = (
				682A013C24F899AC00D720D1 /* AppDelegate.h */,
				682A013D24F899AC00D720D1 /* AppDelegate.m */,
				686D980E24F8A259002B5470 /* CurrencyModel.h */,
				686D980F24F8A259002B5470 /* CurrencyModel.m */,
			);
			path = Model;
			sourceTree = "<group>";
		};
		682A017924F89A6700D720D1 /* View */ = {
			isa = PBXGroup;
			children = (
				68F5478F24F95ACA00C92A57 /* CurrencyTableViewCell.h */,
				68F5479024F95ACA00C92A57 /* CurrencyTableViewCell.m */,
				68F5479124F95ACA00C92A57 /* CurrencyTableViewCell.xib */,
			);
			path = View;
			sourceTree = "<group>";
		};
/* End PBXGroup section */

/* Begin PBXNativeTarget section */
		682A013824F899AC00D720D1 /* Currency */ = {
			isa = PBXNativeTarget;
			buildConfigurationList = 682A016B24F899AE00D720D1 /* Build configuration list for PBXNativeTarget "Currency" */;
			buildPhases = (
				682A013524F899AC00D720D1 /* Sources */,
				682A013624F899AC00D720D1 /* Frameworks */,
				682A013724F899AC00D720D1 /* Resources */,
			);
			buildRules = (
			);
			dependencies = (
			);
			name = Currency;
			productName = Currency;
			productReference = 682A013924F899AC00D720D1 /* Currency.app */;
			productType = "com.apple.product-type.application";
		};
		682A015624F899AE00D720D1 /* CurrencyTests */ = {
			isa = PBXNativeTarget;
			buildConfigurationList = 682A016E24F899AE00D720D1 /* Build configuration list for PBXNativeTarget "CurrencyTests" */;
			buildPhases = (
				682A015324F899AE00D720D1 /* Sources */,
				682A015424F899AE00D720D1 /* Frameworks */,
				682A015524F899AE00D720D1 /* Resources */,
			);
			buildRules = (
			);
			dependencies = (
				682A015924F899AE00D720D1 /* PBXTargetDependency */,
			);
			name = CurrencyTests;
			productName = CurrencyTests;
			productReference = 682A015724F899AE00D720D1 /* CurrencyTests.xctest */;
			productType = "com.apple.product-type.bundle.unit-test";
		};
		682A016124F899AE00D720D1 /* CurrencyUITests */ = {
			isa = PBXNativeTarget;
			buildConfigurationList = 682A017124F899AE00D720D1 /* Build configuration list for PBXNativeTarget "CurrencyUITests" */;
			buildPhases = (
				682A015E24F899AE00D720D1 /* Sources */,
				682A015F24F899AE00D720D1 /* Frameworks */,
				682A016024F899AE00D720D1 /* Resources */,
			);
			buildRules = (
			);
			dependencies = (
				682A016424F899AE00D720D1 /* PBXTargetDependency */,
			);
			name = CurrencyUITests;
			productName = CurrencyUITests;
			productReference = 682A016224F899AE00D720D1 /* CurrencyUITests.xctest */;
			productType = "com.apple.product-type.bundle.ui-testing";
		};
/* End PBXNativeTarget section */

/* Begin PBXProject section */
		682A013124F899AC00D720D1 /* Project object */ = {
			isa = PBXProject;
			attributes = {
				LastUpgradeCheck = 1160;
				ORGANIZATIONNAME = "Bruno Meneghin";
				TargetAttributes = {
					682A013824F899AC00D720D1 = {
						CreatedOnToolsVersion = 11.6;
					};
					682A015624F899AE00D720D1 = {
						CreatedOnToolsVersion = 11.6;
						TestTargetID = 682A013824F899AC00D720D1;
					};
					682A016124F899AE00D720D1 = {
						CreatedOnToolsVersion = 11.6;
						TestTargetID = 682A013824F899AC00D720D1;
					};
				};
			};
			buildConfigurationList = 682A013424F899AC00D720D1 /* Build configuration list for PBXProject "Currency" */;
			compatibilityVersion = "Xcode 9.3";
			developmentRegion = en;
			hasScannedForEncodings = 0;
			knownRegions = (
				en,
				Base,
			);
			mainGroup = 682A013024F899AC00D720D1;
			productRefGroup = 682A013A24F899AC00D720D1 /* Products */;
			projectDirPath = "";
			projectRoot = "";
			targets = (
				682A013824F899AC00D720D1 /* Currency */,
				682A015624F899AE00D720D1 /* CurrencyTests */,
				682A016124F899AE00D720D1 /* CurrencyUITests */,
			);
		};
/* End PBXProject section */

/* Begin PBXResourcesBuildPhase section */
		682A013724F899AC00D720D1 /* Resources */ = {
			isa = PBXResourcesBuildPhase;
			buildActionMask = 2147483647;
			files = (
				682A014F24F899AE00D720D1 /* LaunchScreen.storyboard in Resources */,
				682A014C24F899AE00D720D1 /* Assets.xcassets in Resources */,
				68F5479324F95ACA00C92A57 /* CurrencyTableViewCell.xib in Resources */,
			);
			runOnlyForDeploymentPostprocessing = 0;
		};
		682A015524F899AE00D720D1 /* Resources */ = {
			isa = PBXResourcesBuildPhase;
			buildActionMask = 2147483647;
			files = (
			);
			runOnlyForDeploymentPostprocessing = 0;
		};
		682A016024F899AE00D720D1 /* Resources */ = {
			isa = PBXResourcesBuildPhase;
			buildActionMask = 2147483647;
			files = (
			);
			runOnlyForDeploymentPostprocessing = 0;
		};
/* End PBXResourcesBuildPhase section */

/* Begin PBXSourcesBuildPhase section */
		682A013524F899AC00D720D1 /* Sources */ = {
			isa = PBXSourcesBuildPhase;
			buildActionMask = 2147483647;
			files = (
				682A015224F899AE00D720D1 /* main.m in Sources */,
				682A014A24F899AC00D720D1 /* Currency.xcdatamodeld in Sources */,
				682A013E24F899AC00D720D1 /* AppDelegate.m in Sources */,
				686D981024F8A259002B5470 /* CurrencyModel.m in Sources */,
				68F5479224F95ACA00C92A57 /* CurrencyTableViewCell.m in Sources */,
				682A017624F89A3B00D720D1 /* CurrencyCountriesTableViewController.m in Sources */,
			);
			runOnlyForDeploymentPostprocessing = 0;
		};
		682A015324F899AE00D720D1 /* Sources */ = {
			isa = PBXSourcesBuildPhase;
			buildActionMask = 2147483647;
			files = (
				682A015C24F899AE00D720D1 /* CurrencyTests.m in Sources */,
			);
			runOnlyForDeploymentPostprocessing = 0;
		};
		682A015E24F899AE00D720D1 /* Sources */ = {
			isa = PBXSourcesBuildPhase;
			buildActionMask = 2147483647;
			files = (
				682A016724F899AE00D720D1 /* CurrencyUITests.m in Sources */,
			);
			runOnlyForDeploymentPostprocessing = 0;
		};
/* End PBXSourcesBuildPhase section */

/* Begin PBXTargetDependency section */
		682A015924F899AE00D720D1 /* PBXTargetDependency */ = {
			isa = PBXTargetDependency;
			target = 682A013824F899AC00D720D1 /* Currency */;
			targetProxy = 682A015824F899AE00D720D1 /* PBXContainerItemProxy */;
		};
		682A016424F899AE00D720D1 /* PBXTargetDependency */ = {
			isa = PBXTargetDependency;
			target = 682A013824F899AC00D720D1 /* Currency */;
			targetProxy = 682A016324F899AE00D720D1 /* PBXContainerItemProxy */;
		};
/* End PBXTargetDependency section */

/* Begin PBXVariantGroup section */
		682A014D24F899AE00D720D1 /* LaunchScreen.storyboard */ = {
			isa = PBXVariantGroup;
			children = (
				682A014E24F899AE00D720D1 /* Base */,
			);
			name = LaunchScreen.storyboard;
			sourceTree = "<group>";
		};
/* End PBXVariantGroup section */

/* Begin XCBuildConfiguration section */
		682A016924F899AE00D720D1 /* Debug */ = {
			isa = XCBuildConfiguration;
			buildSettings = {
				ALWAYS_SEARCH_USER_PATHS = NO;
				CLANG_ANALYZER_NONNULL = YES;
				CLANG_ANALYZER_NUMBER_OBJECT_CONVERSION = YES_AGGRESSIVE;
				CLANG_CXX_LANGUAGE_STANDARD = "gnu++14";
				CLANG_CXX_LIBRARY = "libc++";
				CLANG_ENABLE_MODULES = YES;
				CLANG_ENABLE_OBJC_ARC = YES;
				CLANG_ENABLE_OBJC_WEAK = YES;
				CLANG_WARN_BLOCK_CAPTURE_AUTORELEASING = YES;
				CLANG_WARN_BOOL_CONVERSION = YES;
				CLANG_WARN_COMMA = YES;
				CLANG_WARN_CONSTANT_CONVERSION = YES;
				CLANG_WARN_DEPRECATED_OBJC_IMPLEMENTATIONS = YES;
				CLANG_WARN_DIRECT_OBJC_ISA_USAGE = YES_ERROR;
				CLANG_WARN_DOCUMENTATION_COMMENTS = YES;
				CLANG_WARN_EMPTY_BODY = YES;
				CLANG_WARN_ENUM_CONVERSION = YES;
				CLANG_WARN_INFINITE_RECURSION = YES;
				CLANG_WARN_INT_CONVERSION = YES;
				CLANG_WARN_NON_LITERAL_NULL_CONVERSION = YES;
				CLANG_WARN_OBJC_IMPLICIT_RETAIN_SELF = YES;
				CLANG_WARN_OBJC_LITERAL_CONVERSION = YES;
				CLANG_WARN_OBJC_ROOT_CLASS = YES_ERROR;
				CLANG_WARN_RANGE_LOOP_ANALYSIS = YES;
				CLANG_WARN_STRICT_PROTOTYPES = YES;
				CLANG_WARN_SUSPICIOUS_MOVE = YES;
				CLANG_WARN_UNGUARDED_AVAILABILITY = YES_AGGRESSIVE;
				CLANG_WARN_UNREACHABLE_CODE = YES;
				CLANG_WARN__DUPLICATE_METHOD_MATCH = YES;
				COPY_PHASE_STRIP = NO;
				DEBUG_INFORMATION_FORMAT = dwarf;
				ENABLE_STRICT_OBJC_MSGSEND = YES;
				ENABLE_TESTABILITY = YES;
				GCC_C_LANGUAGE_STANDARD = gnu11;
				GCC_DYNAMIC_NO_PIC = NO;
				GCC_NO_COMMON_BLOCKS = YES;
				GCC_OPTIMIZATION_LEVEL = 0;
				GCC_PREPROCESSOR_DEFINITIONS = (
					"DEBUG=1",
					"$(inherited)",
				);
				GCC_WARN_64_TO_32_BIT_CONVERSION = YES;
				GCC_WARN_ABOUT_RETURN_TYPE = YES_ERROR;
				GCC_WARN_UNDECLARED_SELECTOR = YES;
				GCC_WARN_UNINITIALIZED_AUTOS = YES_AGGRESSIVE;
				GCC_WARN_UNUSED_FUNCTION = YES;
				GCC_WARN_UNUSED_VARIABLE = YES;
				IPHONEOS_DEPLOYMENT_TARGET = 13.6;
				MTL_ENABLE_DEBUG_INFO = INCLUDE_SOURCE;
				MTL_FAST_MATH = YES;
				ONLY_ACTIVE_ARCH = YES;
				SDKROOT = iphoneos;
			};
			name = Debug;
		};
		682A016A24F899AE00D720D1 /* Release */ = {
			isa = XCBuildConfiguration;
			buildSettings = {
				ALWAYS_SEARCH_USER_PATHS = NO;
				CLANG_ANALYZER_NONNULL = YES;
				CLANG_ANALYZER_NUMBER_OBJECT_CONVERSION = YES_AGGRESSIVE;
				CLANG_CXX_LANGUAGE_STANDARD = "gnu++14";
				CLANG_CXX_LIBRARY = "libc++";
				CLANG_ENABLE_MODULES = YES;
				CLANG_ENABLE_OBJC_ARC = YES;
				CLANG_ENABLE_OBJC_WEAK = YES;
				CLANG_WARN_BLOCK_CAPTURE_AUTORELEASING = YES;
				CLANG_WARN_BOOL_CONVERSION = YES;
				CLANG_WARN_COMMA = YES;
				CLANG_WARN_CONSTANT_CONVERSION = YES;
				CLANG_WARN_DEPRECATED_OBJC_IMPLEMENTATIONS = YES;
				CLANG_WARN_DIRECT_OBJC_ISA_USAGE = YES_ERROR;
				CLANG_WARN_DOCUMENTATION_COMMENTS = YES;
				CLANG_WARN_EMPTY_BODY = YES;
				CLANG_WARN_ENUM_CONVERSION = YES;
				CLANG_WARN_INFINITE_RECURSION = YES;
				CLANG_WARN_INT_CONVERSION = YES;
				CLANG_WARN_NON_LITERAL_NULL_CONVERSION = YES;
				CLANG_WARN_OBJC_IMPLICIT_RETAIN_SELF = YES;
				CLANG_WARN_OBJC_LITERAL_CONVERSION = YES;
				CLANG_WARN_OBJC_ROOT_CLASS = YES_ERROR;
				CLANG_WARN_RANGE_LOOP_ANALYSIS = YES;
				CLANG_WARN_STRICT_PROTOTYPES = YES;
				CLANG_WARN_SUSPICIOUS_MOVE = YES;
				CLANG_WARN_UNGUARDED_AVAILABILITY = YES_AGGRESSIVE;
				CLANG_WARN_UNREACHABLE_CODE = YES;
				CLANG_WARN__DUPLICATE_METHOD_MATCH = YES;
				COPY_PHASE_STRIP = NO;
				DEBUG_INFORMATION_FORMAT = "dwarf-with-dsym";
				ENABLE_NS_ASSERTIONS = NO;
				ENABLE_STRICT_OBJC_MSGSEND = YES;
				GCC_C_LANGUAGE_STANDARD = gnu11;
				GCC_NO_COMMON_BLOCKS = YES;
				GCC_WARN_64_TO_32_BIT_CONVERSION = YES;
				GCC_WARN_ABOUT_RETURN_TYPE = YES_ERROR;
				GCC_WARN_UNDECLARED_SELECTOR = YES;
				GCC_WARN_UNINITIALIZED_AUTOS = YES_AGGRESSIVE;
				GCC_WARN_UNUSED_FUNCTION = YES;
				GCC_WARN_UNUSED_VARIABLE = YES;
				IPHONEOS_DEPLOYMENT_TARGET = 13.6;
				MTL_ENABLE_DEBUG_INFO = NO;
				MTL_FAST_MATH = YES;
				SDKROOT = iphoneos;
				VALIDATE_PRODUCT = YES;
			};
			name = Release;
		};
		682A016C24F899AE00D720D1 /* Debug */ = {
			isa = XCBuildConfiguration;
			buildSettings = {
				ASSETCATALOG_COMPILER_APPICON_NAME = AppIcon;
				CODE_SIGN_STYLE = Automatic;
				DEVELOPMENT_TEAM = "";
				INFOPLIST_FILE = Currency/Info.plist;
				LD_RUNPATH_SEARCH_PATHS = (
					"$(inherited)",
					"@executable_path/Frameworks",
				);
				PRODUCT_BUNDLE_IDENTIFIER = brunomeneghin.Currency;
				PRODUCT_NAME = "$(TARGET_NAME)";
				TARGETED_DEVICE_FAMILY = "1,2";
			};
			name = Debug;
		};
		682A016D24F899AE00D720D1 /* Release */ = {
			isa = XCBuildConfiguration;
			buildSettings = {
				ASSETCATALOG_COMPILER_APPICON_NAME = AppIcon;
				CODE_SIGN_STYLE = Automatic;
				DEVELOPMENT_TEAM = "";
				INFOPLIST_FILE = Currency/Info.plist;
				LD_RUNPATH_SEARCH_PATHS = (
					"$(inherited)",
					"@executable_path/Frameworks",
				);
				PRODUCT_BUNDLE_IDENTIFIER = brunomeneghin.Currency;
				PRODUCT_NAME = "$(TARGET_NAME)";
				TARGETED_DEVICE_FAMILY = "1,2";
			};
			name = Release;
		};
		682A016F24F899AE00D720D1 /* Debug */ = {
			isa = XCBuildConfiguration;
			buildSettings = {
				BUNDLE_LOADER = "$(TEST_HOST)";
				CODE_SIGN_STYLE = Automatic;
				DEVELOPMENT_TEAM = H8S78S5228;
				INFOPLIST_FILE = CurrencyTests/Info.plist;
				IPHONEOS_DEPLOYMENT_TARGET = 13.6;
				LD_RUNPATH_SEARCH_PATHS = (
					"$(inherited)",
					"@executable_path/Frameworks",
					"@loader_path/Frameworks",
				);
				PRODUCT_BUNDLE_IDENTIFIER = brunomeneghin.CurrencyTests;
				PRODUCT_NAME = "$(TARGET_NAME)";
				TARGETED_DEVICE_FAMILY = "1,2";
				TEST_HOST = "$(BUILT_PRODUCTS_DIR)/Currency.app/Currency";
			};
			name = Debug;
		};
		682A017024F899AE00D720D1 /* Release */ = {
			isa = XCBuildConfiguration;
			buildSettings = {
				BUNDLE_LOADER = "$(TEST_HOST)";
				CODE_SIGN_STYLE = Automatic;
				DEVELOPMENT_TEAM = H8S78S5228;
				INFOPLIST_FILE = CurrencyTests/Info.plist;
				IPHONEOS_DEPLOYMENT_TARGET = 13.6;
				LD_RUNPATH_SEARCH_PATHS = (
					"$(inherited)",
					"@executable_path/Frameworks",
					"@loader_path/Frameworks",
				);
				PRODUCT_BUNDLE_IDENTIFIER = brunomeneghin.CurrencyTests;
				PRODUCT_NAME = "$(TARGET_NAME)";
				TARGETED_DEVICE_FAMILY = "1,2";
				TEST_HOST = "$(BUILT_PRODUCTS_DIR)/Currency.app/Currency";
			};
			name = Release;
		};
		682A017224F899AE00D720D1 /* Debug */ = {
			isa = XCBuildConfiguration;
			buildSettings = {
				CODE_SIGN_STYLE = Automatic;
				DEVELOPMENT_TEAM = H8S78S5228;
				INFOPLIST_FILE = CurrencyUITests/Info.plist;
				LD_RUNPATH_SEARCH_PATHS = (
					"$(inherited)",
					"@executable_path/Frameworks",
					"@loader_path/Frameworks",
				);
				PRODUCT_BUNDLE_IDENTIFIER = brunomeneghin.CurrencyUITests;
				PRODUCT_NAME = "$(TARGET_NAME)";
				TARGETED_DEVICE_FAMILY = "1,2";
				TEST_TARGET_NAME = Currency;
			};
			name = Debug;
		};
		682A017324F899AE00D720D1 /* Release */ = {
			isa = XCBuildConfiguration;
			buildSettings = {
				CODE_SIGN_STYLE = Automatic;
				DEVELOPMENT_TEAM = H8S78S5228;
				INFOPLIST_FILE = CurrencyUITests/Info.plist;
				LD_RUNPATH_SEARCH_PATHS = (
					"$(inherited)",
					"@executable_path/Frameworks",
					"@loader_path/Frameworks",
				);
				PRODUCT_BUNDLE_IDENTIFIER = brunomeneghin.CurrencyUITests;
				PRODUCT_NAME = "$(TARGET_NAME)";
				TARGETED_DEVICE_FAMILY = "1,2";
				TEST_TARGET_NAME = Currency;
			};
			name = Release;
		};
/* End XCBuildConfiguration section */

/* Begin XCConfigurationList section */
		682A013424F899AC00D720D1 /* Build configuration list for PBXProject "Currency" */ = {
			isa = XCConfigurationList;
			buildConfigurations = (
				682A016924F899AE00D720D1 /* Debug */,
				682A016A24F899AE00D720D1 /* Release */,
			);
			defaultConfigurationIsVisible = 0;
			defaultConfigurationName = Release;
		};
		682A016B24F899AE00D720D1 /* Build configuration list for PBXNativeTarget "Currency" */ = {
			isa = XCConfigurationList;
			buildConfigurations = (
				682A016C24F899AE00D720D1 /* Debug */,
				682A016D24F899AE00D720D1 /* Release */,
			);
			defaultConfigurationIsVisible = 0;
			defaultConfigurationName = Release;
		};
		682A016E24F899AE00D720D1 /* Build configuration list for PBXNativeTarget "CurrencyTests" */ = {
			isa = XCConfigurationList;
			buildConfigurations = (
				682A016F24F899AE00D720D1 /* Debug */,
				682A017024F899AE00D720D1 /* Release */,
			);
			defaultConfigurationIsVisible = 0;
			defaultConfigurationName = Release;
		};
		682A017124F899AE00D720D1 /* Build configuration list for PBXNativeTarget "CurrencyUITests" */ = {
			isa = XCConfigurationList;
			buildConfigurations = (
				682A017224F899AE00D720D1 /* Debug */,
				682A017324F899AE00D720D1 /* Release */,
			);
			defaultConfigurationIsVisible = 0;
			defaultConfigurationName = Release;
		};
/* End XCConfigurationList section */

/* Begin XCVersionGroup section */
		682A014824F899AC00D720D1 /* Currency.xcdatamodeld */ = {
			isa = XCVersionGroup;
			children = (
				682A014924F899AC00D720D1 /* Currency.xcdatamodel */,
			);
			currentVersion = 682A014924F899AC00D720D1 /* Currency.xcdatamodel */;
			path = Currency.xcdatamodeld;
			sourceTree = "<group>";
			versionGroupType = wrapper.xcdatamodel;
		};
/* End XCVersionGroup section */
	};
	rootObject = 682A013124F899AC00D720D1 /* Project object */;
}
